
Microsoft Visual Studio Solution File, Format Version 12.00
# Visual Studio Version 16
VisualStudioVersion = 16.0.33927.289
MinimumVisualStudioVersion = 10.0.40219.1
Project("{2150E333-8FDC-42A3-9474-1A3956D46DE8}") = "Task0", "Task0", "{70E5F6DB-5914-4D67-9612-BFA3128C696A}"
EndProject
Project("{FAE04EC0-301F-11D3-BF4B-00C04F79EFBC}") = "Tyuiu.KomarovMI.Sprint3.Task0.V24", "Tyuiu.KomarovMI.Sprint3.Task0.V24\Tyuiu.KomarovMI.Sprint3.Task0.V24.csproj", "{B2A569AB-3E70-400D-A3D6-D15801C5030B}"
EndProject
Project("{FAE04EC0-301F-11D3-BF4B-00C04F79EFBC}") = "Tyuiu.KomarovMI.Sprint3.Task0.V24.Lib", "Tyuiu.KomarovMI.Sprint3.Task0.V24.Lib\Tyuiu.KomarovMI.Sprint3.Task0.V24.Lib.csproj", "{FB03D897-E040-4433-8B4B-57E0B891D3ED}"
EndProject
Project("{FAE04EC0-301F-11D3-BF4B-00C04F79EFBC}") = "Tyuiu.KomarovMI.Sprint3.Task0.V24.Test", "Tyuiu.KomarovMI.Sprint3.Task0.V24.Test\Tyuiu.KomarovMI.Sprint3.Task0.V24.Test.csproj", "{F9E553A0-3CA0-4A19-B9AA-BE551DB2EE18}"
EndProject
Project("{2150E333-8FDC-42A3-9474-1A3956D46DE8}") = "Task1", "Task1", "{83B8668D-7ACC-47A6-AA49-9B8EDB62EB78}"
EndProject
Project("{FAE04EC0-301F-11D3-BF4B-00C04F79EFBC}") = "Tyuiu.KomarovMI.Sprint3.Task1.V12", "Tyuiu.KomarovMI.Sprint3.Task1.V12\Tyuiu.KomarovMI.Sprint3.Task1.V12.csproj", "{1BC5198B-DF39-4129-BFFB-6A3D76861218}"
EndProject
Project("{FAE04EC0-301F-11D3-BF4B-00C04F79EFBC}") = "Tyuiu.KomarovMI.Sprint3.Task1.V12.Lib", "Tyuiu.KomarovMI.Sprint3.Task1.V12.Lib\Tyuiu.KomarovMI.Sprint3.Task1.V12.Lib.csproj", "{04557BCC-6632-4E46-B224-7EE22EA54EF7}"
EndProject
Project("{FAE04EC0-301F-11D3-BF4B-00C04F79EFBC}") = "Tyuiu.KomarovMI.Sprint3.Task1.V12.Test", "Tyuiu.KomarovMI.Sprint3.Task1.V12.Test\Tyuiu.KomarovMI.Sprint3.Task1.V12.Test.csproj", "{B421EB60-2C9F-470F-A96B-0CB6FDB4A808}"
EndProject
Project("{2150E333-8FDC-42A3-9474-1A3956D46DE8}") = "Task2", "Task2", "{9A5F03C7-0CD3-4929-8C9B-2535733DD2E2}"
EndProject
Project("{FAE04EC0-301F-11D3-BF4B-00C04F79EFBC}") = "Tyuiu.KomarovMI.Sprint3.Task2.V27", "Tyuiu.KomarovMI.Sprint3.Task2.V27\Tyuiu.KomarovMI.Sprint3.Task2.V27.csproj", "{B83844A1-0677-4BFC-A0B1-FF1EC86022D7}"
EndProject
Project("{FAE04EC0-301F-11D3-BF4B-00C04F79EFBC}") = "Tyuiu.KomarovMI.Sprint3.Task2.V27.Lib", "Tyuiu.KomarovMI.Sprint3.Task2.V27.Lib\Tyuiu.KomarovMI.Sprint3.Task2.V27.Lib.csproj", "{8FEEAC85-09CC-440D-B5A4-D2E742FF7AAA}"
EndProject
Project("{FAE04EC0-301F-11D3-BF4B-00C04F79EFBC}") = "Tyuiu.KomarovMI.Sprint3.Task2.V27.Test", "Tyuiu.KomarovMI.Sprint3.Task2.V27.Test\Tyuiu.KomarovMI.Sprint3.Task2.V27.Test.csproj", "{48BB9380-165C-48EC-8B49-9E8D4BB5D5F3}"
EndProject
Global
	GlobalSection(SolutionConfigurationPlatforms) = preSolution
		Debug|Any CPU = Debug|Any CPU
		Release|Any CPU = Release|Any CPU
	EndGlobalSection
	GlobalSection(ProjectConfigurationPlatforms) = postSolution
		{B2A569AB-3E70-400D-A3D6-D15801C5030B}.Debug|Any CPU.ActiveCfg = Debug|Any CPU
		{B2A569AB-3E70-400D-A3D6-D15801C5030B}.Debug|Any CPU.Build.0 = Debug|Any CPU
		{B2A569AB-3E70-400D-A3D6-D15801C5030B}.Release|Any CPU.ActiveCfg = Release|Any CPU
		{B2A569AB-3E70-400D-A3D6-D15801C5030B}.Release|Any CPU.Build.0 = Release|Any CPU
		{FB03D897-E040-4433-8B4B-57E0B891D3ED}.Debug|Any CPU.ActiveCfg = Debug|Any CPU
		{FB03D897-E040-4433-8B4B-57E0B891D3ED}.Debug|Any CPU.Build.0 = Debug|Any CPU
		{FB03D897-E040-4433-8B4B-57E0B891D3ED}.Release|Any CPU.ActiveCfg = Release|Any CPU
		{FB03D897-E040-4433-8B4B-57E0B891D3ED}.Release|Any CPU.Build.0 = Release|Any CPU
		{F9E553A0-3CA0-4A19-B9AA-BE551DB2EE18}.Debug|Any CPU.ActiveCfg = Debug|Any CPU
		{F9E553A0-3CA0-4A19-B9AA-BE551DB2EE18}.Debug|Any CPU.Build.0 = Debug|Any CPU
		{F9E553A0-3CA0-4A19-B9AA-BE551DB2EE18}.Release|Any CPU.ActiveCfg = Release|Any CPU
		{F9E553A0-3CA0-4A19-B9AA-BE551DB2EE18}.Release|Any CPU.Build.0 = Release|Any CPU
		{1BC5198B-DF39-4129-BFFB-6A3D76861218}.Debug|Any CPU.ActiveCfg = Debug|Any CPU
		{1BC5198B-DF39-4129-BFFB-6A3D76861218}.Debug|Any CPU.Build.0 = Debug|Any CPU
		{1BC5198B-DF39-4129-BFFB-6A3D76861218}.Release|Any CPU.ActiveCfg = Release|Any CPU
		{1BC5198B-DF39-4129-BFFB-6A3D76861218}.Release|Any CPU.Build.0 = Release|Any CPU
		{04557BCC-6632-4E46-B224-7EE22EA54EF7}.Debug|Any CPU.ActiveCfg = Debug|Any CPU
		{04557BCC-6632-4E46-B224-7EE22EA54EF7}.Debug|Any CPU.Build.0 = Debug|Any CPU
		{04557BCC-6632-4E46-B224-7EE22EA54EF7}.Release|Any CPU.ActiveCfg = Release|Any CPU
		{04557BCC-6632-4E46-B224-7EE22EA54EF7}.Release|Any CPU.Build.0 = Release|Any CPU
		{B421EB60-2C9F-470F-A96B-0CB6FDB4A808}.Debug|Any CPU.ActiveCfg = Debug|Any CPU
		{B421EB60-2C9F-470F-A96B-0CB6FDB4A808}.Debug|Any CPU.Build.0 = Debug|Any CPU
		{B421EB60-2C9F-470F-A96B-0CB6FDB4A808}.Release|Any CPU.ActiveCfg = Release|Any CPU
		{B421EB60-2C9F-470F-A96B-0CB6FDB4A808}.Release|Any CPU.Build.0 = Release|Any CPU
		{B83844A1-0677-4BFC-A0B1-FF1EC86022D7}.Debug|Any CPU.ActiveCfg = Debug|Any CPU
		{B83844A1-0677-4BFC-A0B1-FF1EC86022D7}.Debug|Any CPU.Build.0 = Debug|Any CPU
		{B83844A1-0677-4BFC-A0B1-FF1EC86022D7}.Release|Any CPU.ActiveCfg = Release|Any CPU
		{B83844A1-0677-4BFC-A0B1-FF1EC86022D7}.Release|Any CPU.Build.0 = Release|Any CPU
		{8FEEAC85-09CC-440D-B5A4-D2E742FF7AAA}.Debug|Any CPU.ActiveCfg = Debug|Any CPU
		{8FEEAC85-09CC-440D-B5A4-D2E742FF7AAA}.Debug|Any CPU.Build.0 = Debug|Any CPU
		{8FEEAC85-09CC-440D-B5A4-D2E742FF7AAA}.Release|Any CPU.ActiveCfg = Release|Any CPU
		{8FEEAC85-09CC-440D-B5A4-D2E742FF7AAA}.Release|Any CPU.Build.0 = Release|Any CPU
		{48BB9380-165C-48EC-8B49-9E8D4BB5D5F3}.Debug|Any CPU.ActiveCfg = Debug|Any CPU
		{48BB9380-165C-48EC-8B49-9E8D4BB5D5F3}.Debug|Any CPU.Build.0 = Debug|Any CPU
		{48BB9380-165C-48EC-8B49-9E8D4BB5D5F3}.Release|Any CPU.ActiveCfg = Release|Any CPU
		{48BB9380-165C-48EC-8B49-9E8D4BB5D5F3}.Release|Any CPU.Build.0 = Release|Any CPU
	EndGlobalSection
	GlobalSection(SolutionProperties) = preSolution
		HideSolutionNode = FALSE
	EndGlobalSection
	GlobalSection(NestedProjects) = preSolution
		{B2A569AB-3E70-400D-A3D6-D15801C5030B} = {70E5F6DB-5914-4D67-9612-BFA3128C696A}
		{FB03D897-E040-4433-8B4B-57E0B891D3ED} = {70E5F6DB-5914-4D67-9612-BFA3128C696A}
		{F9E553A0-3CA0-4A19-B9AA-BE551DB2EE18} = {70E5F6DB-5914-4D67-9612-BFA3128C696A}
		{1BC5198B-DF39-4129-BFFB-6A3D76861218} = {83B8668D-7ACC-47A6-AA49-9B8EDB62EB78}
		{04557BCC-6632-4E46-B224-7EE22EA54EF7} = {83B8668D-7ACC-47A6-AA49-9B8EDB62EB78}
		{B421EB60-2C9F-470F-A96B-0CB6FDB4A808} = {83B8668D-7ACC-47A6-AA49-9B8EDB62EB78}
		{B83844A1-0677-4BFC-A0B1-FF1EC86022D7} = {9A5F03C7-0CD3-4929-8C9B-2535733DD2E2}
		{8FEEAC85-09CC-440D-B5A4-D2E742FF7AAA} = {9A5F03C7-0CD3-4929-8C9B-2535733DD2E2}
		{48BB9380-165C-48EC-8B49-9E8D4BB5D5F3} = {9A5F03C7-0CD3-4929-8C9B-2535733DD2E2}
	EndGlobalSection
	GlobalSection(ExtensibilityGlobals) = postSolution
		SolutionGuid = {2399A686-3962-47D5-A76B-5038525EC4BE}
	EndGlobalSection
EndGlobal
